// !$*UTF8*$!
{
	archiveVersion = 1;
	classes = {
	};
	objectVersion = 50;
	objects = {

/* Begin PBXBuildFile section */
		97ED5623224321520052CA50 /* AppDelegate.swift in Sources */ = {isa = PBXBuildFile; fileRef = 97ED5622224321520052CA50 /* AppDelegate.swift */; };
		97ED5625224321520052CA50 /* ViewController.swift in Sources */ = {isa = PBXBuildFile; fileRef = 97ED5624224321520052CA50 /* ViewController.swift */; };
		97ED5628224321520052CA50 /* Main.storyboard in Resources */ = {isa = PBXBuildFile; fileRef = 97ED5626224321520052CA50 /* Main.storyboard */; };
		97ED562B224321520052CA50 /* Core_Data_CRUD.xcdatamodeld in Sources */ = {isa = PBXBuildFile; fileRef = 97ED5629224321520052CA50 /* Core_Data_CRUD.xcdatamodeld */; };
		97ED562D224321530052CA50 /* Assets.xcassets in Resources */ = {isa = PBXBuildFile; fileRef = 97ED562C224321530052CA50 /* Assets.xcassets */; };
		97ED5630224321530052CA50 /* LaunchScreen.storyboard in Resources */ = {isa = PBXBuildFile; fileRef = 97ED562E224321530052CA50 /* LaunchScreen.storyboard */; };
		97ED56382243293E0052CA50 /* User.swift in Sources */ = {isa = PBXBuildFile; fileRef = 97ED56372243293E0052CA50 /* User.swift */; };
		97ED563A22433EB70052CA50 /* ViewUserCell.swift in Sources */ = {isa = PBXBuildFile; fileRef = 97ED563922433EB70052CA50 /* ViewUserCell.swift */; };
/* End PBXBuildFile section */

/* Begin PBXFileReference section */
		97ED561F224321520052CA50 /* Core Data CRUD.app */ = {isa = PBXFileReference; explicitFileType = wrapper.application; includeInIndex = 0; path = "Core Data CRUD.app"; sourceTree = BUILT_PRODUCTS_DIR; };
		97ED5622224321520052CA50 /* AppDelegate.swift */ = {isa = PBXFileReference; lastKnownFileType = sourcecode.swift; path = AppDelegate.swift; sourceTree = "<group>"; };
		97ED5624224321520052CA50 /* ViewController.swift */ = {isa = PBXFileReference; lastKnownFileType = sourcecode.swift; path = ViewController.swift; sourceTree = "<group>"; };
		97ED5627224321520052CA50 /* Base */ = {isa = PBXFileReference; lastKnownFileType = file.storyboard; name = Base; path = Base.lproj/Main.storyboard; sourceTree = "<group>"; };
		97ED562A224321520052CA50 /* Core_Data_CRUD.xcdatamodel */ = {isa = PBXFileReference; lastKnownFileType = wrapper.xcdatamodel; path = Core_Data_CRUD.xcdatamodel; sourceTree = "<group>"; };
		97ED562C224321530052CA50 /* Assets.xcassets */ = {isa = PBXFileReference; lastKnownFileType = folder.assetcatalog; path = Assets.xcassets; sourceTree = "<group>"; };
		97ED562F224321530052CA50 /* Base */ = {isa = PBXFileReference; lastKnownFileType = file.storyboard; name = Base; path = Base.lproj/LaunchScreen.storyboard; sourceTree = "<group>"; };
		97ED5631224321530052CA50 /* Info.plist */ = {isa = PBXFileReference; lastKnownFileType = text.plist.xml; path = Info.plist; sourceTree = "<group>"; };
		97ED56372243293E0052CA50 /* User.swift */ = {isa = PBXFileReference; lastKnownFileType = sourcecode.swift; path = User.swift; sourceTree = "<group>"; };
		97ED563922433EB70052CA50 /* ViewUserCell.swift */ = {isa = PBXFileReference; lastKnownFileType = sourcecode.swift; path = ViewUserCell.swift; sourceTree = "<group>"; };
/* End PBXFileReference section */

/* Begin PBXFrameworksBuildPhase section */
		97ED561C224321520052CA50 /* Frameworks */ = {
			isa = PBXFrameworksBuildPhase;
			buildActionMask = 2147483647;
			files = (
			);
			runOnlyForDeploymentPostprocessing = 0;
		};
/* End PBXFrameworksBuildPhase section */

/* Begin PBXGroup section */
		97ED5616224321520052CA50 = {
			isa = PBXGroup;
			children = (
				97ED5621224321520052CA50 /* Core Data CRUD */,
				97ED5620224321520052CA50 /* Products */,
			);
			sourceTree = "<group>";
		};
		97ED5620224321520052CA50 /* Products */ = {
			isa = PBXGroup;
			children = (
				97ED561F224321520052CA50 /* Core Data CRUD.app */,
			);
			name = Products;
			sourceTree = "<group>";
		};
		97ED5621224321520052CA50 /* Core Data CRUD */ = {
			isa = PBXGroup;
			children = (
				97ED5622224321520052CA50 /* AppDelegate.swift */,
				97ED5624224321520052CA50 /* ViewController.swift */,
				97ED563922433EB70052CA50 /* ViewUserCell.swift */,
				97ED56372243293E0052CA50 /* User.swift */,
				97ED5626224321520052CA50 /* Main.storyboard */,
				97ED562C224321530052CA50 /* Assets.xcassets */,
				97ED562E224321530052CA50 /* LaunchScreen.storyboard */,
				97ED5631224321530052CA50 /* Info.plist */,
				97ED5629224321520052CA50 /* Core_Data_CRUD.xcdatamodeld */,
			);
			path = "Core Data CRUD";
			sourceTree = "<group>";
		};
/* End PBXGroup section */

/* Begin PBXNativeTarget section */
		97ED561E224321520052CA50 /* Core Data CRUD */ = {
			isa = PBXNativeTarget;
			buildConfigurationList = 97ED5634224321530052CA50 /* Build configuration list for PBXNativeTarget "Core Data CRUD" */;
			buildPhases = (
				97ED561B224321520052CA50 /* Sources */,
				97ED561C224321520052CA50 /* Frameworks */,
				97ED561D224321520052CA50 /* Resources */,
			);
			buildRules = (
			);
			dependencies = (
			);
			name = "Core Data CRUD";
			productName = "Core Data CRUD";
			productReference = 97ED561F224321520052CA50 /* Core Data CRUD.app */;
			productType = "com.apple.product-type.application";
		};
/* End PBXNativeTarget section */

/* Begin PBXProject section */
		97ED5617224321520052CA50 /* Project object */ = {
			isa = PBXProject;
			attributes = {
				LastSwiftUpdateCheck = 1000;
				LastUpgradeCheck = 1000;
				ORGANIZATIONNAME = "Suprianto Djamalu";
				TargetAttributes = {
					97ED561E224321520052CA50 = {
						CreatedOnToolsVersion = 10.0;
					};
				};
			};
			buildConfigurationList = 97ED561A224321520052CA50 /* Build configuration list for PBXProject "Core Data CRUD" */;
			compatibilityVersion = "Xcode 9.3";
			developmentRegion = en;
			hasScannedForEncodings = 0;
			knownRegions = (
				en,
				Base,
			);
			mainGroup = 97ED5616224321520052CA50;
			productRefGroup = 97ED5620224321520052CA50 /* Products */;
			projectDirPath = "";
			projectRoot = "";
			targets = (
				97ED561E224321520052CA50 /* Core Data CRUD */,
			);
		};
/* End PBXProject section */

/* Begin PBXResourcesBuildPhase section */
		97ED561D224321520052CA50 /* Resources */ = {
			isa = PBXResourcesBuildPhase;
			buildActionMask = 2147483647;
			files = (
				97ED5630224321530052CA50 /* LaunchScreen.storyboard in Resources */,
				97ED562D224321530052CA50 /* Assets.xcassets in Resources */,
				97ED5628224321520052CA50 /* Main.storyboard in Resources */,
			);
			runOnlyForDeploymentPostprocessing = 0;
		};
/* End PBXResourcesBuildPhase section */

/* Begin PBXSourcesBuildPhase section */
		97ED561B224321520052CA50 /* Sources */ = {
			isa = PBXSourcesBuildPhase;
			buildActionMask = 2147483647;
			files = (
				97ED56382243293E0052CA50 /* User.swift in Sources */,
				97ED563A22433EB70052CA50 /* ViewUserCell.swift in Sources */,
				97ED5625224321520052CA50 /* ViewController.swift in Sources */,
				97ED5623224321520052CA50 /* AppDelegate.swift in Sources */,
				97ED562B224321520052CA50 /* Core_Data_CRUD.xcdatamodeld in Sources */,
			);
			runOnlyForDeploymentPostprocessing = 0;
		};
/* End PBXSourcesBuildPhase section */

/* Begin PBXVariantGroup section */
		97ED5626224321520052CA50 /* Main.storyboard */ = {
			isa = PBXVariantGroup;
			children = (
				97ED5627224321520052CA50 /* Base */,
			);
			name = Main.storyboard;
			sourceTree = "<group>";
		};
		97ED562E224321530052CA50 /* LaunchScreen.storyboard */ = {
			isa = PBXVariantGroup;
			children = (
				97ED562F224321530052CA50 /* Base */,
			);
			name = LaunchScreen.storyboard;
			sourceTree = "<group>";
		};
/* End PBXVariantGroup section */

/* Begin XCBuildConfiguration section */
		97ED5632224321530052CA50 /* Debug */ = {
			isa = XCBuildConfiguration;
			buildSettings = {
				ALWAYS_SEARCH_USER_PATHS = NO;
				CLANG_ANALYZER_NONNULL = YES;
				CLANG_ANALYZER_NUMBER_OBJECT_CONVERSION = YES_AGGRESSIVE;
				CLANG_CXX_LANGUAGE_STANDARD = "gnu++14";
				CLANG_CXX_LIBRARY = "libc++";
				CLANG_ENABLE_MODULES = YES;
				CLANG_ENABLE_OBJC_ARC = YES;
				CLANG_ENABLE_OBJC_WEAK = YES;
				CLANG_WARN_BLOCK_CAPTURE_AUTORELEASING = YES;
				CLANG_WARN_BOOL_CONVERSION = YES;
				CLANG_WARN_COMMA = YES;
				CLANG_WARN_CONSTANT_CONVERSION = YES;
				CLANG_WARN_DEPRECATED_OBJC_IMPLEMENTATIONS = YES;
				CLANG_WARN_DIRECT_OBJC_ISA_USAGE = YES_ERROR;
				CLANG_WARN_DOCUMENTATION_COMMENTS = YES;
				CLANG_WARN_EMPTY_BODY = YES;
				CLANG_WARN_ENUM_CONVERSION = YES;
				CLANG_WARN_INFINITE_RECURSION = YES;
				CLANG_WARN_INT_CONVERSION = YES;
				CLANG_WARN_NON_LITERAL_NULL_CONVERSION = YES;
				CLANG_WARN_OBJC_IMPLICIT_RETAIN_SELF = YES;
				CLANG_WARN_OBJC_LITERAL_CONVERSION = YES;
				CLANG_WARN_OBJC_ROOT_CLASS = YES_ERROR;
				CLANG_WARN_RANGE_LOOP_ANALYSIS = YES;
				CLANG_WARN_STRICT_PROTOTYPES = YES;
				CLANG_WARN_SUSPICIOUS_MOVE = YES;
				CLANG_WARN_UNGUARDED_AVAILABILITY = YES_AGGRESSIVE;
				CLANG_WARN_UNREACHABLE_CODE = YES;
				CLANG_WARN__DUPLICATE_METHOD_MATCH = YES;
				CODE_SIGN_IDENTITY = "iPhone Developer";
				COPY_PHASE_STRIP = NO;
				DEBUG_INFORMATION_FORMAT = dwarf;
				ENABLE_STRICT_OBJC_MSGSEND = YES;
				ENABLE_TESTABILITY = YES;
				GCC_C_LANGUAGE_STANDARD = gnu11;
				GCC_DYNAMIC_NO_PIC = NO;
				GCC_NO_COMMON_BLOCKS = YES;
				GCC_OPTIMIZATION_LEVEL = 0;
				GCC_PREPROCESSOR_DEFINITIONS = (
					"DEBUG=1",
					"$(inherited)",
				);
				GCC_WARN_64_TO_32_BIT_CONVERSION = YES;
				GCC_WARN_ABOUT_RETURN_TYPE = YES_ERROR;
				GCC_WARN_UNDECLARED_SELECTOR = YES;
				GCC_WARN_UNINITIALIZED_AUTOS = YES_AGGRESSIVE;
				GCC_WARN_UNUSED_FUNCTION = YES;
				GCC_WARN_UNUSED_VARIABLE = YES;
				IPHONEOS_DEPLOYMENT_TARGET = 12.0;
				MTL_ENABLE_DEBUG_INFO = INCLUDE_SOURCE;
				MTL_FAST_MATH = YES;
				ONLY_ACTIVE_ARCH = YES;
				SDKROOT = iphoneos;
				SWIFT_ACTIVE_COMPILATION_CONDITIONS = DEBUG;
				SWIFT_OPTIMIZATION_LEVEL = "-Onone";
			};
			name = Debug;
		};
		97ED5633224321530052CA50 /* Release */ = {
			isa = XCBuildConfiguration;
			buildSettings = {
				ALWAYS_SEARCH_USER_PATHS = NO;
				CLANG_ANALYZER_NONNULL = YES;
				CLANG_ANALYZER_NUMBER_OBJECT_CONVERSION = YES_AGGRESSIVE;
				CLANG_CXX_LANGUAGE_STANDARD = "gnu++14";
				CLANG_CXX_LIBRARY = "libc++";
				CLANG_ENABLE_MODULES = YES;
				CLANG_ENABLE_OBJC_ARC = YES;
				CLANG_ENABLE_OBJC_WEAK = YES;
				CLANG_WARN_BLOCK_CAPTURE_AUTORELEASING = YES;
				CLANG_WARN_BOOL_CONVERSION = YES;
				CLANG_WARN_COMMA = YES;
				CLANG_WARN_CONSTANT_CONVERSION = YES;
				CLANG_WARN_DEPRECATED_OBJC_IMPLEMENTATIONS = YES;
				CLANG_WARN_DIRECT_OBJC_ISA_USAGE = YES_ERROR;
				CLANG_WARN_DOCUMENTATION_COMMENTS = YES;
				CLANG_WARN_EMPTY_BODY = YES;
				CLANG_WARN_ENUM_CONVERSION = YES;
				CLANG_WARN_INFINITE_RECURSION = YES;
				CLANG_WARN_INT_CONVERSION = YES;
				CLANG_WARN_NON_LITERAL_NULL_CONVERSION = YES;
				CLANG_WARN_OBJC_IMPLICIT_RETAIN_SELF = YES;
				CLANG_WARN_OBJC_LITERAL_CONVERSION = YES;
				CLANG_WARN_OBJC_ROOT_CLASS = YES_ERROR;
				CLANG_WARN_RANGE_LOOP_ANALYSIS = YES;
				CLANG_WARN_STRICT_PROTOTYPES = YES;
				CLANG_WARN_SUSPICIOUS_MOVE = YES;
				CLANG_WARN_UNGUARDED_AVAILABILITY = YES_AGGRESSIVE;
				CLANG_WARN_UNREACHABLE_CODE = YES;
				CLANG_WARN__DUPLICATE_METHOD_MATCH = YES;
				CODE_SIGN_IDENTITY = "iPhone Developer";
				COPY_PHASE_STRIP = NO;
				DEBUG_INFORMATION_FORMAT = "dwarf-with-dsym";
				ENABLE_NS_ASSERTIONS = NO;
				ENABLE_STRICT_OBJC_MSGSEND = YES;
				GCC_C_LANGUAGE_STANDARD = gnu11;
				GCC_NO_COMMON_BLOCKS = YES;
				GCC_WARN_64_TO_32_BIT_CONVERSION = YES;
				GCC_WARN_ABOUT_RETURN_TYPE = YES_ERROR;
				GCC_WARN_UNDECLARED_SELECTOR = YES;
				GCC_WARN_UNINITIALIZED_AUTOS = YES_AGGRESSIVE;
				GCC_WARN_UNUSED_FUNCTION = YES;
				GCC_WARN_UNUSED_VARIABLE = YES;
				IPHONEOS_DEPLOYMENT_TARGET = 12.0;
				MTL_ENABLE_DEBUG_INFO = NO;
				MTL_FAST_MATH = YES;
				SDKROOT = iphoneos;
				SWIFT_COMPILATION_MODE = wholemodule;
				SWIFT_OPTIMIZATION_LEVEL = "-O";
				VALIDATE_PRODUCT = YES;
			};
			name = Release;
		};
		97ED5635224321530052CA50 /* Debug */ = {
			isa = XCBuildConfiguration;
			buildSettings = {
				ASSETCATALOG_COMPILER_APPICON_NAME = AppIcon;
				CODE_SIGN_STYLE = Automatic;
				DEVELOPMENT_TEAM = 83JMC98N76;
				INFOPLIST_FILE = "Core Data CRUD/Info.plist";
				LD_RUNPATH_SEARCH_PATHS = (
					"$(inherited)",
					"@executable_path/Frameworks",
				);
				PRODUCT_BUNDLE_IDENTIFIER = "com.training.Core-Data-CRUD";
				PRODUCT_NAME = "$(TARGET_NAME)";
				SWIFT_VERSION = 4.2;
				TARGETED_DEVICE_FAMILY = "1,2";
			};
			name = Debug;
		};
		97ED5636224321530052CA50 /* Release */ = {
			isa = XCBuildConfiguration;
			buildSettings = {
				ASSETCATALOG_COMPILER_APPICON_NAME = AppIcon;
				CODE_SIGN_STYLE = Automatic;
				DEVELOPMENT_TEAM = 83JMC98N76;
				INFOPLIST_FILE = "Core Data CRUD/Info.plist";
				LD_RUNPATH_SEARCH_PATHS = (
					"$(inherited)",
					"@executable_path/Frameworks",
				);
				PRODUCT_BUNDLE_IDENTIFIER = "com.training.Core-Data-CRUD";
				PRODUCT_NAME = "$(TARGET_NAME)";
				SWIFT_VERSION = 4.2;
				TARGETED_DEVICE_FAMILY = "1,2";
			};
			name = Release;
		};
/* End XCBuildConfiguration section */

/* Begin XCConfigurationList section */
		97ED561A224321520052CA50 /* Build configuration list for PBXProject "Core Data CRUD" */ = {
			isa = XCConfigurationList;
			buildConfigurations = (
				97ED5632224321530052CA50 /* Debug */,
				97ED5633224321530052CA50 /* Release */,
			);
			defaultConfigurationIsVisible = 0;
			defaultConfigurationName = Release;
		};
		97ED5634224321530052CA50 /* Build configuration list for PBXNativeTarget "Core Data CRUD" */ = {
			isa = XCConfigurationList;
			buildConfigurations = (
				97ED5635224321530052CA50 /* Debug */,
				97ED5636224321530052CA50 /* Release */,
			);
			defaultConfigurationIsVisible = 0;
			defaultConfigurationName = Release;
		};
/* End XCConfigurationList section */

/* Begin XCVersionGroup section */
		97ED5629224321520052CA50 /* Core_Data_CRUD.xcdatamodeld */ = {
			isa = XCVersionGroup;
			children = (
				97ED562A224321520052CA50 /* Core_Data_CRUD.xcdatamodel */,
			);
			currentVersion = 97ED562A224321520052CA50 /* Core_Data_CRUD.xcdatamodel */;
			path = Core_Data_CRUD.xcdatamodeld;
			sourceTree = "<group>";
			versionGroupType = wrapper.xcdatamodel;
		};
/* End XCVersionGroup section */
	};
	rootObject = 97ED5617224321520052CA50 /* Project object */;
}
